
Microsoft Visual Studio Solution File, Format Version 12.00
# Visual Studio Version 17
VisualStudioVersion = 17.2.32630.192
MinimumVisualStudioVersion = 10.0.40219.1
Project("{FAE04EC0-301F-11D3-BF4B-00C04F79EFBC}") = "WebAPI", "WebAPI.csproj", "{CF1AD15C-0464-4C7B-B77C-209CF4F87EC4}"
EndProject
Global
	GlobalSection(SolutionConfigurationPlatforms) = preSolution
		Debug|Any CPU = Debug|Any CPU
		Release|Any CPU = Release|Any CPU
	EndGlobalSection
	GlobalSection(ProjectConfigurationPlatforms) = postSolution
		{CF1AD15C-0464-4C7B-B77C-209CF4F87EC4}.Debug|Any CPU.ActiveCfg = Debug|Any CPU
		{CF1AD15C-0464-4C7B-B77C-209CF4F87EC4}.Debug|Any CPU.Build.0 = Debug|Any CPU
		{CF1AD15C-0464-4C7B-B77C-209CF4F87EC4}.Release|Any CPU.ActiveCfg = Release|Any CPU
		{CF1AD15C-0464-4C7B-B77C-209CF4F87EC4}.Release|Any CPU.Build.0 = Release|Any CPU
	EndGlobalSection
	GlobalSection(SolutionProperties) = preSolution
		HideSolutionNode = FALSE
	EndGlobalSection
	GlobalSection(ExtensibilityGlobals) = postSolution
		SolutionGuid = {3FA16F1A-4988-497A-B51E-9AFD585DD786}
	EndGlobalSection
EndGlobal
